{
  "name": "ngx-loading-buttons",
  "version": "0.0.1",
  "lockfileVersion": 2,
  "requires": true,
  "packages": {
    "": {
      "name": "ngx-loading-buttons",
      "version": "0.0.1",
      "dependencies": {
        "@angular/material": "^13.3.2",
        "tslib": "^2.3.0"
      },
      "peerDependencies": {
        "@angular/common": "^13.1.0",
        "@angular/core": "^13.1.0"
      }
    },
    "node_modules/@angular/animations": {
      "version": "13.3.2",
      "resolved": "https://registry.npmjs.org/@angular/animations/-/animations-13.3.2.tgz",
      "integrity": "sha512-n00j/8MT6kLr2yC1mJIC9DNdDvmgc+oAr/C9reZv2Q+zdff90JIjRyEICPC2YNMGwxMza51w6g7SX+H1rsDq0Q==",
      "peer": true,
      "dependencies": {
        "tslib": "^2.3.0"
      },
      "engines": {
        "node": "^12.20.0 || ^14.15.0 || >=16.10.0"
      },
      "peerDependencies": {
        "@angular/core": "13.3.2"
      }
    },
    "node_modules/@angular/cdk": {
      "version": "13.3.2",
      "resolved": "https://registry.npmjs.org/@angular/cdk/-/cdk-13.3.2.tgz",
      "integrity": "sha512-Rb+SvQpjXqa0kedk/6nG57f8dC4uG1q35SR6mt6jCz84ikyS2zhikVbzaxLdG15uDvq1+N5Vx3NTSgH19XUSug==",
      "peer": true,
      "dependencies": {
        "tslib": "^2.3.0"
      },
      "optionalDependencies": {
        "parse5": "^5.0.0"
      },
      "peerDependencies": {
        "@angular/common": "^13.0.0 || ^14.0.0-0",
        "@angular/core": "^13.0.0 || ^14.0.0-0",
        "rxjs": "^6.5.3 || ^7.4.0"
      }
    },
    "node_modules/@angular/common": {
      "version": "13.3.2",
      "resolved": "https://registry.npmjs.org/@angular/common/-/common-13.3.2.tgz",
      "integrity": "sha512-tQ2dKh5v/a0Nz6EXguw/vyms8VeRhcZO0F2xd9C+UdS3DVBftC1milluWGpjXdkLijTlJBCr114aXyZsyjNf3g==",
      "peer": true,
      "dependencies": {
        "tslib": "^2.3.0"
      },
      "engines": {
        "node": "^12.20.0 || ^14.15.0 || >=16.10.0"
      },
      "peerDependencies": {
        "@angular/core": "13.3.2",
        "rxjs": "^6.5.3 || ^7.4.0"
      }
    },
    "node_modules/@angular/core": {
      "version": "13.3.2",
      "resolved": "https://registry.npmjs.org/@angular/core/-/core-13.3.2.tgz",
      "integrity": "sha512-e+3eyV1AaiiP/3L82BKi5WowAYzsOmSfzYdT4utQScuTjbtNhIo4NvlpSRwk51QRYR9XsqinHO3SfEX2eMPSGA==",
      "peer": true,
      "dependencies": {
        "tslib": "^2.3.0"
      },
      "engines": {
        "node": "^12.20.0 || ^14.15.0 || >=16.10.0"
      },
      "peerDependencies": {
        "rxjs": "^6.5.3 || ^7.4.0",
        "zone.js": "~0.11.4"
      }
    },
    "node_modules/@angular/forms": {
      "version": "13.3.2",
      "resolved": "https://registry.npmjs.org/@angular/forms/-/forms-13.3.2.tgz",
      "integrity": "sha512-LugSFSnfZXojP60iT7soRl241H7asq/6kFt7xyea8EN0c0yI64d+cJPheCU2QJSBAglxoLHOln435GJ0pZEvzQ==",
      "peer": true,
      "dependencies": {
        "tslib": "^2.3.0"
      },
      "engines": {
        "node": "^12.20.0 || ^14.15.0 || >=16.10.0"
      },
      "peerDependencies": {
        "@angular/common": "13.3.2",
        "@angular/core": "13.3.2",
        "@angular/platform-browser": "13.3.2",
        "rxjs": "^6.5.3 || ^7.4.0"
      }
    },
    "node_modules/@angular/material": {
      "version": "13.3.2",
      "resolved": "https://registry.npmjs.org/@angular/material/-/material-13.3.2.tgz",
      "integrity": "sha512-agIuNcN1wO05ODEXc0wwrMK2ydnhPGO8tcBBCJXrDgiA/ktwm+WtfOsiZwPoev7aJ8pactVhxT5R0bJ6vW2SmA==",
      "dependencies": {
        "tslib": "^2.3.0"
      },
      "peerDependencies": {
        "@angular/animations": "^13.0.0 || ^14.0.0-0",
        "@angular/cdk": "13.3.2",
        "@angular/common": "^13.0.0 || ^14.0.0-0",
        "@angular/core": "^13.0.0 || ^14.0.0-0",
        "@angular/forms": "^13.0.0 || ^14.0.0-0",
        "@angular/platform-browser": "^13.0.0 || ^14.0.0-0",
        "rxjs": "^6.5.3 || ^7.4.0"
      }
    },
    "node_modules/@angular/platform-browser": {
      "version": "13.3.2",
      "resolved": "https://registry.npmjs.org/@angular/platform-browser/-/platform-browser-13.3.2.tgz",
      "integrity": "sha512-dSVwX7727cKAmLv6jF9lM5PvH/dm/Wtg1p80r3LFgs+6G9HFlAZci8TM6Xd5E9EcibPLmKLyejYS1njuS6Rrdg==",
      "peer": true,
      "dependencies": {
        "tslib": "^2.3.0"
      },
      "engines": {
        "node": "^12.20.0 || ^14.15.0 || >=16.10.0"
      },
      "peerDependencies": {
        "@angular/animations": "13.3.2",
        "@angular/common": "13.3.2",
        "@angular/core": "13.3.2"
      },
      "peerDependenciesMeta": {
        "@angular/animations": {
          "optional": true
        }
      }
    },
    "node_modules/parse5": {
      "version": "5.1.1",
      "resolved": "https://registry.npmjs.org/parse5/-/parse5-5.1.1.tgz",
      "integrity": "sha512-ugq4DFI0Ptb+WWjAdOK16+u/nHfiIrcE+sh8kZMaM0WllQKLI9rOUq6c2b7cwPkXdzfQESqvoqK6ug7U/Yyzug==",
      "optional": true,
      "peer": true
    },
    "node_modules/rxjs": {
      "version": "7.5.5",
      "resolved": "https://registry.npmjs.org/rxjs/-/rxjs-7.5.5.tgz",
      "integrity": "sha512-sy+H0pQofO95VDmFLzyaw9xNJU4KTRSwQIGM6+iG3SypAtCiLDzpeG8sJrNCWn2Up9km+KhkvTdbkrdy+yzZdw==",
      "peer": true,
      "dependencies": {
        "tslib": "^2.1.0"
      }
    },
    "node_modules/tslib": {
      "version": "2.3.1",
      "resolved": "https://registry.npmjs.org/tslib/-/tslib-2.3.1.tgz",
      "integrity": "sha512-77EbyPPpMz+FRFRuAFlWMtmgUWGe9UOG2Z25NqCwiIjRhOf5iKGuzSe5P2w1laq+FkRy4p+PCuVkJSGkzTEKVw=="
    },
    "node_modules/zone.js": {
      "version": "0.11.5",
      "resolved": "https://registry.npmjs.org/zone.js/-/zone.js-0.11.5.tgz",
      "integrity": "sha512-D1/7VxEuQ7xk6z/kAROe4SUbd9CzxY4zOwVGnGHerd/SgLIVU5f4esDzQUsOCeArn933BZfWMKydH7l7dPEp0g==",
      "peer": true,
      "dependencies": {
        "tslib": "^2.3.0"
      }
    }
  },
  "dependencies": {
    "@angular/animations": {
      "version": "13.3.2",
      "resolved": "https://registry.npmjs.org/@angular/animations/-/animations-13.3.2.tgz",
      "integrity": "sha512-n00j/8MT6kLr2yC1mJIC9DNdDvmgc+oAr/C9reZv2Q+zdff90JIjRyEICPC2YNMGwxMza51w6g7SX+H1rsDq0Q==",
      "peer": true,
      "requires": {
        "tslib": "^2.3.0"
      }
    },
    "@angular/cdk": {
      "version": "13.3.2",
      "resolved": "https://registry.npmjs.org/@angular/cdk/-/cdk-13.3.2.tgz",
      "integrity": "sha512-Rb+SvQpjXqa0kedk/6nG57f8dC4uG1q35SR6mt6jCz84ikyS2zhikVbzaxLdG15uDvq1+N5Vx3NTSgH19XUSug==",
      "peer": true,
      "requires": {
        "parse5": "^5.0.0",
        "tslib": "^2.3.0"
      }
    },
    "@angular/common": {
      "version": "13.3.2",
      "resolved": "https://registry.npmjs.org/@angular/common/-/common-13.3.2.tgz",
      "integrity": "sha512-tQ2dKh5v/a0Nz6EXguw/vyms8VeRhcZO0F2xd9C+UdS3DVBftC1milluWGpjXdkLijTlJBCr114aXyZsyjNf3g==",
      "peer": true,
      "requires": {
        "tslib": "^2.3.0"
      }
    },
    "@angular/core": {
      "version": "13.3.2",
      "resolved": "https://registry.npmjs.org/@angular/core/-/core-13.3.2.tgz",
      "integrity": "sha512-e+3eyV1AaiiP/3L82BKi5WowAYzsOmSfzYdT4utQScuTjbtNhIo4NvlpSRwk51QRYR9XsqinHO3SfEX2eMPSGA==",
      "peer": true,
      "requires": {
        "tslib": "^2.3.0"
      }
    },
    "@angular/forms": {
      "version": "13.3.2",
      "resolved": "https://registry.npmjs.org/@angular/forms/-/forms-13.3.2.tgz",
      "integrity": "sha512-LugSFSnfZXojP60iT7soRl241H7asq/6kFt7xyea8EN0c0yI64d+cJPheCU2QJSBAglxoLHOln435GJ0pZEvzQ==",
      "peer": true,
      "requires": {
        "tslib": "^2.3.0"
      }
    },
    "@angular/material": {
      "version": "13.3.2",
      "resolved": "https://registry.npmjs.org/@angular/material/-/material-13.3.2.tgz",
      "integrity": "sha512-agIuNcN1wO05ODEXc0wwrMK2ydnhPGO8tcBBCJXrDgiA/ktwm+WtfOsiZwPoev7aJ8pactVhxT5R0bJ6vW2SmA==",
      "requires": {
        "tslib": "^2.3.0"
      }
    },
    "@angular/platform-browser": {
      "version": "13.3.2",
      "resolved": "https://registry.npmjs.org/@angular/platform-browser/-/platform-browser-13.3.2.tgz",
      "integrity": "sha512-dSVwX7727cKAmLv6jF9lM5PvH/dm/Wtg1p80r3LFgs+6G9HFlAZci8TM6Xd5E9EcibPLmKLyejYS1njuS6Rrdg==",
      "peer": true,
      "requires": {
        "tslib": "^2.3.0"
      }
    },
    "parse5": {
      "version": "5.1.1",
      "resolved": "https://registry.npmjs.org/parse5/-/parse5-5.1.1.tgz",
      "integrity": "sha512-ugq4DFI0Ptb+WWjAdOK16+u/nHfiIrcE+sh8kZMaM0WllQKLI9rOUq6c2b7cwPkXdzfQESqvoqK6ug7U/Yyzug==",
      "optional": true,
      "peer": true
    },
    "rxjs": {
      "version": "7.5.5",
      "resolved": "https://registry.npmjs.org/rxjs/-/rxjs-7.5.5.tgz",
      "integrity": "sha512-sy+H0pQofO95VDmFLzyaw9xNJU4KTRSwQIGM6+iG3SypAtCiLDzpeG8sJrNCWn2Up9km+KhkvTdbkrdy+yzZdw==",
      "peer": true,
      "requires": {
        "tslib": "^2.1.0"
      }
    },
    "tslib": {
      "version": "2.3.1",
      "resolved": "https://registry.npmjs.org/tslib/-/tslib-2.3.1.tgz",
      "integrity": "sha512-77EbyPPpMz+FRFRuAFlWMtmgUWGe9UOG2Z25NqCwiIjRhOf5iKGuzSe5P2w1laq+FkRy4p+PCuVkJSGkzTEKVw=="
    },
    "zone.js": {
      "version": "0.11.5",
      "resolved": "https://registry.npmjs.org/zone.js/-/zone.js-0.11.5.tgz",
      "integrity": "sha512-D1/7VxEuQ7xk6z/kAROe4SUbd9CzxY4zOwVGnGHerd/SgLIVU5f4esDzQUsOCeArn933BZfWMKydH7l7dPEp0g==",
      "peer": true,
      "requires": {
        "tslib": "^2.3.0"
      }
    }
  }
}
